
Microsoft Visual Studio Solution File, Format Version 12.00
# Visual Studio Version 17
VisualStudioVersion = 17.4.33122.133
MinimumVisualStudioVersion = 10.0.40219.1
Project("{9A19103F-16F7-4668-BE54-9A1E7A4F7556}") = "Model", "Model\Model.csproj", "{2960F9BA-49DE-494D-92E3-CE5A794BA1A9}"
EndProject
Project("{2150E333-8FDC-42A3-9474-1A3956D46DE8}") = "Tests", "Tests", "{C76D0C23-1FFA-4963-93CD-E12BD643F030}"
EndProject
Project("{9A19103F-16F7-4668-BE54-9A1E7A4F7556}") = "ConsoleTests", "Tests\ConsoleTests\ConsoleTests.csproj", "{1889FA6E-B7C6-416E-8628-9449FB9070B9}"
EndProject
Project("{9A19103F-16F7-4668-BE54-9A1E7A4F7556}") = "Shared", "Shared\Shared.csproj", "{3B720C0C-53FE-4642-A2DB-87FD8634CD74}"
EndProject
Project("{2150E333-8FDC-42A3-9474-1A3956D46DE8}") = "Stub", "Stub", "{2C607793-B163-4731-A4D1-AFE8A7C4C170}"
EndProject
Project("{9A19103F-16F7-4668-BE54-9A1E7A4F7556}") = "StubLib", "StubLib\StubLib.csproj", "{B01D7EF2-2D64-409A-A29A-61FB7BB7A9DB}"
EndProject
Project("{9A19103F-16F7-4668-BE54-9A1E7A4F7556}") = "API_MyChampions", "MyChampions\API_MyChampions.csproj", "{8741EEAA-5CB6-4116-AD59-58F10465489D}"
	ProjectSection(ProjectDependencies) = postProject
		{2960F9BA-49DE-494D-92E3-CE5A794BA1A9} = {2960F9BA-49DE-494D-92E3-CE5A794BA1A9}
		{7F7FEC46-F3DD-44B5-AB15-56F5B5CA1DB9} = {7F7FEC46-F3DD-44B5-AB15-56F5B5CA1DB9}
		{B01D7EF2-2D64-409A-A29A-61FB7BB7A9DB} = {B01D7EF2-2D64-409A-A29A-61FB7BB7A9DB}
	EndProjectSection
EndProject
Project("{9A19103F-16F7-4668-BE54-9A1E7A4F7556}") = "DTO_MyChampions", "DTO_MyChampions\DTO_MyChampions.csproj", "{7F7FEC46-F3DD-44B5-AB15-56F5B5CA1DB9}"
EndProject
Project("{9A19103F-16F7-4668-BE54-9A1E7A4F7556}") = "TestAPI", "TestAPI\TestAPI.csproj", "{15BA7A7A-2A9F-4A1A-B148-02C161F786C0}"
EndProject
Project("{9A19103F-16F7-4668-BE54-9A1E7A4F7556}") = "Console_Champions", "Console_Champions\Console_Champions.csproj", "{51A0A028-2B0E-46D4-A871-8B547F57047C}"
EndProject
Project("{9A19103F-16F7-4668-BE54-9A1E7A4F7556}") = "TestEF", "TestEF\TestEF.csproj", "{F1BE79EE-6D98-42C7-92FB-DAED687FE149}"
EndProject
Project("{9A19103F-16F7-4668-BE54-9A1E7A4F7556}") = "EFDataManager", "EFDataManager\EFDataManager.csproj", "{2EE0BCF0-D7EE-4EA1-A9D2-28017CC54182}"
EndProject
Project("{9A19103F-16F7-4668-BE54-9A1E7A4F7556}") = "HttpManager", "HttpManager\HttpManager.csproj", "{951761DF-CF1E-4BA4-8D0D-D8DC5CA6A4C2}"
EndProject
Project("{2150E333-8FDC-42A3-9474-1A3956D46DE8}") = "LolApp", "LolApp", "{38C18F50-9EA0-447E-B801-61685495B3C1}"
EndProject
Project("{9A19103F-16F7-4668-BE54-9A1E7A4F7556}") = "LolApp", "LolApp\LolApp\LolApp.csproj", "{0C898A04-092A-49AA-BE65-8AE818A2AF50}"
EndProject
Project("{9A19103F-16F7-4668-BE54-9A1E7A4F7556}") = "Model", "LolApp\Model\Model.csproj", "{85155E53-B12A-4065-8BCC-6485CAC630D3}"
EndProject
Project("{9A19103F-16F7-4668-BE54-9A1E7A4F7556}") = "Shared", "LolApp\Shared\Shared.csproj", "{0E6A5626-21C6-4B78-B506-F2912A2E86A1}"
EndProject
Project("{9A19103F-16F7-4668-BE54-9A1E7A4F7556}") = "StubLib", "LolApp\StubLib\StubLib.csproj", "{52C35095-7820-4F74-8925-F8AD84DF3F08}"
EndProject
Project("{9A19103F-16F7-4668-BE54-9A1E7A4F7556}") = "ConsoleTests", "LolApp\Tests\ConsoleTests\ConsoleTests.csproj", "{6F5A1229-E5F7-44FE-9F62-7EC9A9B3F1CF}"
EndProject
Project("{9A19103F-16F7-4668-BE54-9A1E7A4F7556}") = "ViewModels", "LolApp\ViewModels\ViewModels.csproj", "{BC4C3105-2925-4DE9-987F-AA67B741E23F}"
EndProject
Global
	GlobalSection(SolutionConfigurationPlatforms) = preSolution
		Debug|Any CPU = Debug|Any CPU
		Release|Any CPU = Release|Any CPU
	EndGlobalSection
	GlobalSection(ProjectConfigurationPlatforms) = postSolution
		{2960F9BA-49DE-494D-92E3-CE5A794BA1A9}.Debug|Any CPU.ActiveCfg = Debug|Any CPU
		{2960F9BA-49DE-494D-92E3-CE5A794BA1A9}.Debug|Any CPU.Build.0 = Debug|Any CPU
		{2960F9BA-49DE-494D-92E3-CE5A794BA1A9}.Release|Any CPU.ActiveCfg = Release|Any CPU
		{2960F9BA-49DE-494D-92E3-CE5A794BA1A9}.Release|Any CPU.Build.0 = Release|Any CPU
		{1889FA6E-B7C6-416E-8628-9449FB9070B9}.Debug|Any CPU.ActiveCfg = Debug|Any CPU
		{1889FA6E-B7C6-416E-8628-9449FB9070B9}.Debug|Any CPU.Build.0 = Debug|Any CPU
		{1889FA6E-B7C6-416E-8628-9449FB9070B9}.Release|Any CPU.ActiveCfg = Release|Any CPU
		{1889FA6E-B7C6-416E-8628-9449FB9070B9}.Release|Any CPU.Build.0 = Release|Any CPU
		{3B720C0C-53FE-4642-A2DB-87FD8634CD74}.Debug|Any CPU.ActiveCfg = Debug|Any CPU
		{3B720C0C-53FE-4642-A2DB-87FD8634CD74}.Debug|Any CPU.Build.0 = Debug|Any CPU
		{3B720C0C-53FE-4642-A2DB-87FD8634CD74}.Release|Any CPU.ActiveCfg = Release|Any CPU
		{3B720C0C-53FE-4642-A2DB-87FD8634CD74}.Release|Any CPU.Build.0 = Release|Any CPU
		{B01D7EF2-2D64-409A-A29A-61FB7BB7A9DB}.Debug|Any CPU.ActiveCfg = Debug|Any CPU
		{B01D7EF2-2D64-409A-A29A-61FB7BB7A9DB}.Debug|Any CPU.Build.0 = Debug|Any CPU
		{B01D7EF2-2D64-409A-A29A-61FB7BB7A9DB}.Release|Any CPU.ActiveCfg = Release|Any CPU
		{B01D7EF2-2D64-409A-A29A-61FB7BB7A9DB}.Release|Any CPU.Build.0 = Release|Any CPU
		{8741EEAA-5CB6-4116-AD59-58F10465489D}.Debug|Any CPU.ActiveCfg = Debug|Any CPU
		{8741EEAA-5CB6-4116-AD59-58F10465489D}.Debug|Any CPU.Build.0 = Debug|Any CPU
		{8741EEAA-5CB6-4116-AD59-58F10465489D}.Release|Any CPU.ActiveCfg = Release|Any CPU
		{8741EEAA-5CB6-4116-AD59-58F10465489D}.Release|Any CPU.Build.0 = Release|Any CPU
		{7F7FEC46-F3DD-44B5-AB15-56F5B5CA1DB9}.Debug|Any CPU.ActiveCfg = Debug|Any CPU
		{7F7FEC46-F3DD-44B5-AB15-56F5B5CA1DB9}.Debug|Any CPU.Build.0 = Debug|Any CPU
		{7F7FEC46-F3DD-44B5-AB15-56F5B5CA1DB9}.Release|Any CPU.ActiveCfg = Release|Any CPU
		{7F7FEC46-F3DD-44B5-AB15-56F5B5CA1DB9}.Release|Any CPU.Build.0 = Release|Any CPU
		{15BA7A7A-2A9F-4A1A-B148-02C161F786C0}.Debug|Any CPU.ActiveCfg = Debug|Any CPU
		{15BA7A7A-2A9F-4A1A-B148-02C161F786C0}.Debug|Any CPU.Build.0 = Debug|Any CPU
		{15BA7A7A-2A9F-4A1A-B148-02C161F786C0}.Release|Any CPU.ActiveCfg = Release|Any CPU
		{15BA7A7A-2A9F-4A1A-B148-02C161F786C0}.Release|Any CPU.Build.0 = Release|Any CPU
		{51A0A028-2B0E-46D4-A871-8B547F57047C}.Debug|Any CPU.ActiveCfg = Debug|Any CPU
		{51A0A028-2B0E-46D4-A871-8B547F57047C}.Debug|Any CPU.Build.0 = Debug|Any CPU
		{51A0A028-2B0E-46D4-A871-8B547F57047C}.Release|Any CPU.ActiveCfg = Release|Any CPU
		{51A0A028-2B0E-46D4-A871-8B547F57047C}.Release|Any CPU.Build.0 = Release|Any CPU
		{F1BE79EE-6D98-42C7-92FB-DAED687FE149}.Debug|Any CPU.ActiveCfg = Debug|Any CPU
		{F1BE79EE-6D98-42C7-92FB-DAED687FE149}.Debug|Any CPU.Build.0 = Debug|Any CPU
		{F1BE79EE-6D98-42C7-92FB-DAED687FE149}.Release|Any CPU.ActiveCfg = Release|Any CPU
		{F1BE79EE-6D98-42C7-92FB-DAED687FE149}.Release|Any CPU.Build.0 = Release|Any CPU
		{2EE0BCF0-D7EE-4EA1-A9D2-28017CC54182}.Debug|Any CPU.ActiveCfg = Debug|Any CPU
		{2EE0BCF0-D7EE-4EA1-A9D2-28017CC54182}.Debug|Any CPU.Build.0 = Debug|Any CPU
		{2EE0BCF0-D7EE-4EA1-A9D2-28017CC54182}.Release|Any CPU.ActiveCfg = Release|Any CPU
		{2EE0BCF0-D7EE-4EA1-A9D2-28017CC54182}.Release|Any CPU.Build.0 = Release|Any CPU
		{951761DF-CF1E-4BA4-8D0D-D8DC5CA6A4C2}.Debug|Any CPU.ActiveCfg = Debug|Any CPU
		{951761DF-CF1E-4BA4-8D0D-D8DC5CA6A4C2}.Debug|Any CPU.Build.0 = Debug|Any CPU
		{951761DF-CF1E-4BA4-8D0D-D8DC5CA6A4C2}.Release|Any CPU.ActiveCfg = Release|Any CPU
		{951761DF-CF1E-4BA4-8D0D-D8DC5CA6A4C2}.Release|Any CPU.Build.0 = Release|Any CPU
		{0C898A04-092A-49AA-BE65-8AE818A2AF50}.Debug|Any CPU.ActiveCfg = Debug|Any CPU
		{0C898A04-092A-49AA-BE65-8AE818A2AF50}.Debug|Any CPU.Build.0 = Debug|Any CPU
		{0C898A04-092A-49AA-BE65-8AE818A2AF50}.Debug|Any CPU.Deploy.0 = Debug|Any CPU
		{0C898A04-092A-49AA-BE65-8AE818A2AF50}.Release|Any CPU.ActiveCfg = Release|Any CPU
		{0C898A04-092A-49AA-BE65-8AE818A2AF50}.Release|Any CPU.Build.0 = Release|Any CPU
		{0C898A04-092A-49AA-BE65-8AE818A2AF50}.Release|Any CPU.Deploy.0 = Release|Any CPU
		{85155E53-B12A-4065-8BCC-6485CAC630D3}.Debug|Any CPU.ActiveCfg = Debug|Any CPU
		{85155E53-B12A-4065-8BCC-6485CAC630D3}.Debug|Any CPU.Build.0 = Debug|Any CPU
		{85155E53-B12A-4065-8BCC-6485CAC630D3}.Release|Any CPU.ActiveCfg = Release|Any CPU
		{85155E53-B12A-4065-8BCC-6485CAC630D3}.Release|Any CPU.Build.0 = Release|Any CPU
		{0E6A5626-21C6-4B78-B506-F2912A2E86A1}.Debug|Any CPU.ActiveCfg = Debug|Any CPU
		{0E6A5626-21C6-4B78-B506-F2912A2E86A1}.Debug|Any CPU.Build.0 = Debug|Any CPU
		{0E6A5626-21C6-4B78-B506-F2912A2E86A1}.Release|Any CPU.ActiveCfg = Release|Any CPU
		{0E6A5626-21C6-4B78-B506-F2912A2E86A1}.Release|Any CPU.Build.0 = Release|Any CPU
		{52C35095-7820-4F74-8925-F8AD84DF3F08}.Debug|Any CPU.ActiveCfg = Debug|Any CPU
		{52C35095-7820-4F74-8925-F8AD84DF3F08}.Debug|Any CPU.Build.0 = Debug|Any CPU
		{52C35095-7820-4F74-8925-F8AD84DF3F08}.Release|Any CPU.ActiveCfg = Release|Any CPU
		{52C35095-7820-4F74-8925-F8AD84DF3F08}.Release|Any CPU.Build.0 = Release|Any CPU
		{6F5A1229-E5F7-44FE-9F62-7EC9A9B3F1CF}.Debug|Any CPU.ActiveCfg = Debug|Any CPU
		{6F5A1229-E5F7-44FE-9F62-7EC9A9B3F1CF}.Debug|Any CPU.Build.0 = Debug|Any CPU
		{6F5A1229-E5F7-44FE-9F62-7EC9A9B3F1CF}.Release|Any CPU.ActiveCfg = Release|Any CPU
		{6F5A1229-E5F7-44FE-9F62-7EC9A9B3F1CF}.Release|Any CPU.Build.0 = Release|Any CPU
		{BC4C3105-2925-4DE9-987F-AA67B741E23F}.Debug|Any CPU.ActiveCfg = Debug|Any CPU
		{BC4C3105-2925-4DE9-987F-AA67B741E23F}.Debug|Any CPU.Build.0 = Debug|Any CPU
		{BC4C3105-2925-4DE9-987F-AA67B741E23F}.Release|Any CPU.ActiveCfg = Release|Any CPU
		{BC4C3105-2925-4DE9-987F-AA67B741E23F}.Release|Any CPU.Build.0 = Release|Any CPU
	EndGlobalSection
	GlobalSection(SolutionProperties) = preSolution
		HideSolutionNode = FALSE
	EndGlobalSection
	GlobalSection(NestedProjects) = preSolution
		{1889FA6E-B7C6-416E-8628-9449FB9070B9} = {C76D0C23-1FFA-4963-93CD-E12BD643F030}
		{B01D7EF2-2D64-409A-A29A-61FB7BB7A9DB} = {2C607793-B163-4731-A4D1-AFE8A7C4C170}
		{0C898A04-092A-49AA-BE65-8AE818A2AF50} = {38C18F50-9EA0-447E-B801-61685495B3C1}
		{85155E53-B12A-4065-8BCC-6485CAC630D3} = {38C18F50-9EA0-447E-B801-61685495B3C1}
		{0E6A5626-21C6-4B78-B506-F2912A2E86A1} = {38C18F50-9EA0-447E-B801-61685495B3C1}
		{52C35095-7820-4F74-8925-F8AD84DF3F08} = {38C18F50-9EA0-447E-B801-61685495B3C1}
		{6F5A1229-E5F7-44FE-9F62-7EC9A9B3F1CF} = {38C18F50-9EA0-447E-B801-61685495B3C1}
		{BC4C3105-2925-4DE9-987F-AA67B741E23F} = {38C18F50-9EA0-447E-B801-61685495B3C1}
	EndGlobalSection
	GlobalSection(ExtensibilityGlobals) = postSolution
		SolutionGuid = {92F3083D-793F-4552-8A9A-0AD6534159C9}
	EndGlobalSection
EndGlobal
